
Microsoft Visual Studio Solution File, Format Version 12.00
# Visual Studio Version 17
VisualStudioVersion = 17.2.32616.157
MinimumVisualStudioVersion = 10.0.40219.1
Project("{FAE04EC0-301F-11D3-BF4B-00C04F79EFBC}") = "Pub", "Pub\Pub.csproj", "{848ECAC9-BC74-45C5-BF0C-B75333C6770D}"
EndProject
Global
	GlobalSection(SolutionConfigurationPlatforms) = preSolution
		Debug|Any CPU = Debug|Any CPU
		Release|Any CPU = Release|Any CPU
	EndGlobalSection
	GlobalSection(ProjectConfigurationPlatforms) = postSolution
		{848ECAC9-BC74-45C5-BF0C-B75333C6770D}.Debug|Any CPU.ActiveCfg = Debug|Any CPU
		{848ECAC9-BC74-45C5-BF0C-B75333C6770D}.Debug|Any CPU.Build.0 = Debug|Any CPU
		{848ECAC9-BC74-45C5-BF0C-B75333C6770D}.Release|Any CPU.ActiveCfg = Release|Any CPU
		{848ECAC9-BC74-45C5-BF0C-B75333C6770D}.Release|Any CPU.Build.0 = Release|Any CPU
	EndGlobalSection
	GlobalSection(SolutionProperties) = preSolution
		HideSolutionNode = FALSE
	EndGlobalSection
	GlobalSection(ExtensibilityGlobals) = postSolution
		SolutionGuid = {FAEBEFBD-B2B4-4DD0-8270-F0C10D505226}
	EndGlobalSection
EndGlobal
